// !$*UTF8*$!
{
	archiveVersion = 1;
	classes = {
	};
	objectVersion = 50;
	objects = {

/* Begin PBXBuildFile section */
		98089FC120BA82E100483358 /* AppDelegate.swift in Sources */ = {isa = PBXBuildFile; fileRef = 98089FC020BA82E100483358 /* AppDelegate.swift */; };
		98089FC320BA82E100483358 /* ViewController.swift in Sources */ = {isa = PBXBuildFile; fileRef = 98089FC220BA82E100483358 /* ViewController.swift */; };
		98089FC620BA82E100483358 /* Main.storyboard in Resources */ = {isa = PBXBuildFile; fileRef = 98089FC420BA82E100483358 /* Main.storyboard */; };
		98089FC820BA82E300483358 /* Assets.xcassets in Resources */ = {isa = PBXBuildFile; fileRef = 98089FC720BA82E300483358 /* Assets.xcassets */; };
		98089FCB20BA82E300483358 /* LaunchScreen.storyboard in Resources */ = {isa = PBXBuildFile; fileRef = 98089FC920BA82E300483358 /* LaunchScreen.storyboard */; };
		98089FD620BA82E300483358 /* AnimationLoginTests.swift in Sources */ = {isa = PBXBuildFile; fileRef = 98089FD520BA82E300483358 /* AnimationLoginTests.swift */; };
		98089FE120BA82E300483358 /* AnimationLoginUITests.swift in Sources */ = {isa = PBXBuildFile; fileRef = 98089FE020BA82E300483358 /* AnimationLoginUITests.swift */; };
/* End PBXBuildFile section */

/* Begin PBXContainerItemProxy section */
		98089FD220BA82E300483358 /* PBXContainerItemProxy */ = {
			isa = PBXContainerItemProxy;
			containerPortal = 98089FB520BA82E100483358 /* Project object */;
			proxyType = 1;
			remoteGlobalIDString = 98089FBC20BA82E100483358;
			remoteInfo = AnimationLogin;
		};
		98089FDD20BA82E300483358 /* PBXContainerItemProxy */ = {
			isa = PBXContainerItemProxy;
			containerPortal = 98089FB520BA82E100483358 /* Project object */;
			proxyType = 1;
			remoteGlobalIDString = 98089FBC20BA82E100483358;
			remoteInfo = AnimationLogin;
		};
/* End PBXContainerItemProxy section */

/* Begin PBXFileReference section */
		98089FBD20BA82E100483358 /* AnimationLogin.app */ = {isa = PBXFileReference; explicitFileType = wrapper.application; includeInIndex = 0; path = AnimationLogin.app; sourceTree = BUILT_PRODUCTS_DIR; };
		98089FC020BA82E100483358 /* AppDelegate.swift */ = {isa = PBXFileReference; lastKnownFileType = sourcecode.swift; path = AppDelegate.swift; sourceTree = "<group>"; };
		98089FC220BA82E100483358 /* ViewController.swift */ = {isa = PBXFileReference; lastKnownFileType = sourcecode.swift; path = ViewController.swift; sourceTree = "<group>"; };
		98089FC520BA82E100483358 /* Base */ = {isa = PBXFileReference; lastKnownFileType = file.storyboard; name = Base; path = Base.lproj/Main.storyboard; sourceTree = "<group>"; };
		98089FC720BA82E300483358 /* Assets.xcassets */ = {isa = PBXFileReference; lastKnownFileType = folder.assetcatalog; path = Assets.xcassets; sourceTree = "<group>"; };
		98089FCA20BA82E300483358 /* Base */ = {isa = PBXFileReference; lastKnownFileType = file.storyboard; name = Base; path = Base.lproj/LaunchScreen.storyboard; sourceTree = "<group>"; };
		98089FCC20BA82E300483358 /* Info.plist */ = {isa = PBXFileReference; lastKnownFileType = text.plist.xml; path = Info.plist; sourceTree = "<group>"; };
		98089FD120BA82E300483358 /* AnimationLoginTests.xctest */ = {isa = PBXFileReference; explicitFileType = wrapper.cfbundle; includeInIndex = 0; path = AnimationLoginTests.xctest; sourceTree = BUILT_PRODUCTS_DIR; };
		98089FD520BA82E300483358 /* AnimationLoginTests.swift */ = {isa = PBXFileReference; lastKnownFileType = sourcecode.swift; path = AnimationLoginTests.swift; sourceTree = "<group>"; };
		98089FD720BA82E300483358 /* Info.plist */ = {isa = PBXFileReference; lastKnownFileType = text.plist.xml; path = Info.plist; sourceTree = "<group>"; };
		98089FDC20BA82E300483358 /* AnimationLoginUITests.xctest */ = {isa = PBXFileReference; explicitFileType = wrapper.cfbundle; includeInIndex = 0; path = AnimationLoginUITests.xctest; sourceTree = BUILT_PRODUCTS_DIR; };
		98089FE020BA82E300483358 /* AnimationLoginUITests.swift */ = {isa = PBXFileReference; lastKnownFileType = sourcecode.swift; path = AnimationLoginUITests.swift; sourceTree = "<group>"; };
		98089FE220BA82E300483358 /* Info.plist */ = {isa = PBXFileReference; lastKnownFileType = text.plist.xml; path = Info.plist; sourceTree = "<group>"; };
/* End PBXFileReference section */

/* Begin PBXFrameworksBuildPhase section */
		98089FBA20BA82E100483358 /* Frameworks */ = {
			isa = PBXFrameworksBuildPhase;
			buildActionMask = 2147483647;
			files = (
			);
			runOnlyForDeploymentPostprocessing = 0;
		};
		98089FCE20BA82E300483358 /* Frameworks */ = {
			isa = PBXFrameworksBuildPhase;
			buildActionMask = 2147483647;
			files = (
			);
			runOnlyForDeploymentPostprocessing = 0;
		};
		98089FD920BA82E300483358 /* Frameworks */ = {
			isa = PBXFrameworksBuildPhase;
			buildActionMask = 2147483647;
			files = (
			);
			runOnlyForDeploymentPostprocessing = 0;
		};
/* End PBXFrameworksBuildPhase section */

/* Begin PBXGroup section */
		98089FB420BA82E100483358 = {
			isa = PBXGroup;
			children = (
				98089FBF20BA82E100483358 /* AnimationLogin */,
				98089FD420BA82E300483358 /* AnimationLoginTests */,
				98089FDF20BA82E300483358 /* AnimationLoginUITests */,
				98089FBE20BA82E100483358 /* Products */,
			);
			sourceTree = "<group>";
		};
		98089FBE20BA82E100483358 /* Products */ = {
			isa = PBXGroup;
			children = (
				98089FBD20BA82E100483358 /* AnimationLogin.app */,
				98089FD120BA82E300483358 /* AnimationLoginTests.xctest */,
				98089FDC20BA82E300483358 /* AnimationLoginUITests.xctest */,
			);
			name = Products;
			sourceTree = "<group>";
		};
		98089FBF20BA82E100483358 /* AnimationLogin */ = {
			isa = PBXGroup;
			children = (
				98089FC020BA82E100483358 /* AppDelegate.swift */,
				98089FC220BA82E100483358 /* ViewController.swift */,
				98089FC420BA82E100483358 /* Main.storyboard */,
				98089FC720BA82E300483358 /* Assets.xcassets */,
				98089FC920BA82E300483358 /* LaunchScreen.storyboard */,
				98089FCC20BA82E300483358 /* Info.plist */,
			);
			path = AnimationLogin;
			sourceTree = "<group>";
		};
		98089FD420BA82E300483358 /* AnimationLoginTests */ = {
			isa = PBXGroup;
			children = (
				98089FD520BA82E300483358 /* AnimationLoginTests.swift */,
				98089FD720BA82E300483358 /* Info.plist */,
			);
			path = AnimationLoginTests;
			sourceTree = "<group>";
		};
		98089FDF20BA82E300483358 /* AnimationLoginUITests */ = {
			isa = PBXGroup;
			children = (
				98089FE020BA82E300483358 /* AnimationLoginUITests.swift */,
				98089FE220BA82E300483358 /* Info.plist */,
			);
			path = AnimationLoginUITests;
			sourceTree = "<group>";
		};
/* End PBXGroup section */

/* Begin PBXNativeTarget section */
		98089FBC20BA82E100483358 /* AnimationLogin */ = {
			isa = PBXNativeTarget;
			buildConfigurationList = 98089FE520BA82E300483358 /* Build configuration list for PBXNativeTarget "AnimationLogin" */;
			buildPhases = (
				98089FB920BA82E100483358 /* Sources */,
				98089FBA20BA82E100483358 /* Frameworks */,
				98089FBB20BA82E100483358 /* Resources */,
			);
			buildRules = (
			);
			dependencies = (
			);
			name = AnimationLogin;
			productName = AnimationLogin;
			productReference = 98089FBD20BA82E100483358 /* AnimationLogin.app */;
			productType = "com.apple.product-type.application";
		};
		98089FD020BA82E300483358 /* AnimationLoginTests */ = {
			isa = PBXNativeTarget;
			buildConfigurationList = 98089FE820BA82E300483358 /* Build configuration list for PBXNativeTarget "AnimationLoginTests" */;
			buildPhases = (
				98089FCD20BA82E300483358 /* Sources */,
				98089FCE20BA82E300483358 /* Frameworks */,
				98089FCF20BA82E300483358 /* Resources */,
			);
			buildRules = (
			);
			dependencies = (
				98089FD320BA82E300483358 /* PBXTargetDependency */,
			);
			name = AnimationLoginTests;
			productName = AnimationLoginTests;
			productReference = 98089FD120BA82E300483358 /* AnimationLoginTests.xctest */;
			productType = "com.apple.product-type.bundle.unit-test";
		};
		98089FDB20BA82E300483358 /* AnimationLoginUITests */ = {
			isa = PBXNativeTarget;
			buildConfigurationList = 98089FEB20BA82E300483358 /* Build configuration list for PBXNativeTarget "AnimationLoginUITests" */;
			buildPhases = (
				98089FD820BA82E300483358 /* Sources */,
				98089FD920BA82E300483358 /* Frameworks */,
				98089FDA20BA82E300483358 /* Resources */,
			);
			buildRules = (
			);
			dependencies = (
				98089FDE20BA82E300483358 /* PBXTargetDependency */,
			);
			name = AnimationLoginUITests;
			productName = AnimationLoginUITests;
			productReference = 98089FDC20BA82E300483358 /* AnimationLoginUITests.xctest */;
			productType = "com.apple.product-type.bundle.ui-testing";
		};
/* End PBXNativeTarget section */

/* Begin PBXProject section */
		98089FB520BA82E100483358 /* Project object */ = {
			isa = PBXProject;
			attributes = {
				LastSwiftUpdateCheck = 0930;
				LastUpgradeCheck = 0930;
				ORGANIZATIONNAME = "L Jovi";
				TargetAttributes = {
					98089FBC20BA82E100483358 = {
						CreatedOnToolsVersion = 9.3.1;
					};
					98089FD020BA82E300483358 = {
						CreatedOnToolsVersion = 9.3.1;
						TestTargetID = 98089FBC20BA82E100483358;
					};
					98089FDB20BA82E300483358 = {
						CreatedOnToolsVersion = 9.3.1;
						TestTargetID = 98089FBC20BA82E100483358;
					};
				};
			};
			buildConfigurationList = 98089FB820BA82E100483358 /* Build configuration list for PBXProject "AnimationLogin" */;
			compatibilityVersion = "Xcode 9.3";
			developmentRegion = en;
			hasScannedForEncodings = 0;
			knownRegions = (
				en,
				Base,
			);
			mainGroup = 98089FB420BA82E100483358;
			productRefGroup = 98089FBE20BA82E100483358 /* Products */;
			projectDirPath = "";
			projectRoot = "";
			targets = (
				98089FBC20BA82E100483358 /* AnimationLogin */,
				98089FD020BA82E300483358 /* AnimationLoginTests */,
				98089FDB20BA82E300483358 /* AnimationLoginUITests */,
			);
		};
/* End PBXProject section */

/* Begin PBXResourcesBuildPhase section */
		98089FBB20BA82E100483358 /* Resources */ = {
			isa = PBXResourcesBuildPhase;
			buildActionMask = 2147483647;
			files = (
				98089FCB20BA82E300483358 /* LaunchScreen.storyboard in Resources */,
				98089FC820BA82E300483358 /* Assets.xcassets in Resources */,
				98089FC620BA82E100483358 /* Main.storyboard in Resources */,
			);
			runOnlyForDeploymentPostprocessing = 0;
		};
		98089FCF20BA82E300483358 /* Resources */ = {
			isa = PBXResourcesBuildPhase;
			buildActionMask = 2147483647;
			files = (
			);
			runOnlyForDeploymentPostprocessing = 0;
		};
		98089FDA20BA82E300483358 /* Resources */ = {
			isa = PBXResourcesBuildPhase;
			buildActionMask = 2147483647;
			files = (
			);
			runOnlyForDeploymentPostprocessing = 0;
		};
/* End PBXResourcesBuildPhase section */

/* Begin PBXSourcesBuildPhase section */
		98089FB920BA82E100483358 /* Sources */ = {
			isa = PBXSourcesBuildPhase;
			buildActionMask = 2147483647;
			files = (
				98089FC320BA82E100483358 /* ViewController.swift in Sources */,
				98089FC120BA82E100483358 /* AppDelegate.swift in Sources */,
			);
			runOnlyForDeploymentPostprocessing = 0;
		};
		98089FCD20BA82E300483358 /* Sources */ = {
			isa = PBXSourcesBuildPhase;
			buildActionMask = 2147483647;
			files = (
				98089FD620BA82E300483358 /* AnimationLoginTests.swift in Sources */,
			);
			runOnlyForDeploymentPostprocessing = 0;
		};
		98089FD820BA82E300483358 /* Sources */ = {
			isa = PBXSourcesBuildPhase;
			buildActionMask = 2147483647;
			files = (
				98089FE120BA82E300483358 /* AnimationLoginUITests.swift in Sources */,
			);
			runOnlyForDeploymentPostprocessing = 0;
		};
/* End PBXSourcesBuildPhase section */

/* Begin PBXTargetDependency section */
		98089FD320BA82E300483358 /* PBXTargetDependency */ = {
			isa = PBXTargetDependency;
			target = 98089FBC20BA82E100483358 /* AnimationLogin */;
			targetProxy = 98089FD220BA82E300483358 /* PBXContainerItemProxy */;
		};
		98089FDE20BA82E300483358 /* PBXTargetDependency */ = {
			isa = PBXTargetDependency;
			target = 98089FBC20BA82E100483358 /* AnimationLogin */;
			targetProxy = 98089FDD20BA82E300483358 /* PBXContainerItemProxy */;
		};
/* End PBXTargetDependency section */

/* Begin PBXVariantGroup section */
		98089FC420BA82E100483358 /* Main.storyboard */ = {
			isa = PBXVariantGroup;
			children = (
				98089FC520BA82E100483358 /* Base */,
			);
			name = Main.storyboard;
			sourceTree = "<group>";
		};
		98089FC920BA82E300483358 /* LaunchScreen.storyboard */ = {
			isa = PBXVariantGroup;
			children = (
				98089FCA20BA82E300483358 /* Base */,
			);
			name = LaunchScreen.storyboard;
			sourceTree = "<group>";
		};
/* End PBXVariantGroup section */

/* Begin XCBuildConfiguration section */
		98089FE320BA82E300483358 /* Debug */ = {
			isa = XCBuildConfiguration;
			buildSettings = {
				ALWAYS_SEARCH_USER_PATHS = NO;
				CLANG_ANALYZER_NONNULL = YES;
				CLANG_ANALYZER_NUMBER_OBJECT_CONVERSION = YES_AGGRESSIVE;
				CLANG_CXX_LANGUAGE_STANDARD = "gnu++14";
				CLANG_CXX_LIBRARY = "libc++";
				CLANG_ENABLE_MODULES = YES;
				CLANG_ENABLE_OBJC_ARC = YES;
				CLANG_ENABLE_OBJC_WEAK = YES;
				CLANG_WARN_BLOCK_CAPTURE_AUTORELEASING = YES;
				CLANG_WARN_BOOL_CONVERSION = YES;
				CLANG_WARN_COMMA = YES;
				CLANG_WARN_CONSTANT_CONVERSION = YES;
				CLANG_WARN_DEPRECATED_OBJC_IMPLEMENTATIONS = YES;
				CLANG_WARN_DIRECT_OBJC_ISA_USAGE = YES_ERROR;
				CLANG_WARN_DOCUMENTATION_COMMENTS = YES;
				CLANG_WARN_EMPTY_BODY = YES;
				CLANG_WARN_ENUM_CONVERSION = YES;
				CLANG_WARN_INFINITE_RECURSION = YES;
				CLANG_WARN_INT_CONVERSION = YES;
				CLANG_WARN_NON_LITERAL_NULL_CONVERSION = YES;
				CLANG_WARN_OBJC_IMPLICIT_RETAIN_SELF = YES;
				CLANG_WARN_OBJC_LITERAL_CONVERSION = YES;
				CLANG_WARN_OBJC_ROOT_CLASS = YES_ERROR;
				CLANG_WARN_RANGE_LOOP_ANALYSIS = YES;
				CLANG_WARN_STRICT_PROTOTYPES = YES;
				CLANG_WARN_SUSPICIOUS_MOVE = YES;
				CLANG_WARN_UNGUARDED_AVAILABILITY = YES_AGGRESSIVE;
				CLANG_WARN_UNREACHABLE_CODE = YES;
				CLANG_WARN__DUPLICATE_METHOD_MATCH = YES;
				CODE_SIGN_IDENTITY = "iPhone Developer";
				COPY_PHASE_STRIP = NO;
				DEBUG_INFORMATION_FORMAT = dwarf;
				ENABLE_STRICT_OBJC_MSGSEND = YES;
				ENABLE_TESTABILITY = YES;
				GCC_C_LANGUAGE_STANDARD = gnu11;
				GCC_DYNAMIC_NO_PIC = NO;
				GCC_NO_COMMON_BLOCKS = YES;
				GCC_OPTIMIZATION_LEVEL = 0;
				GCC_PREPROCESSOR_DEFINITIONS = (
					"DEBUG=1",
					"$(inherited)",
				);
				GCC_WARN_64_TO_32_BIT_CONVERSION = YES;
				GCC_WARN_ABOUT_RETURN_TYPE = YES_ERROR;
				GCC_WARN_UNDECLARED_SELECTOR = YES;
				GCC_WARN_UNINITIALIZED_AUTOS = YES_AGGRESSIVE;
				GCC_WARN_UNUSED_FUNCTION = YES;
				GCC_WARN_UNUSED_VARIABLE = YES;
				IPHONEOS_DEPLOYMENT_TARGET = 11.3;
				MTL_ENABLE_DEBUG_INFO = YES;
				ONLY_ACTIVE_ARCH = YES;
				SDKROOT = iphoneos;
				SWIFT_ACTIVE_COMPILATION_CONDITIONS = DEBUG;
				SWIFT_OPTIMIZATION_LEVEL = "-Onone";
			};
			name = Debug;
		};
		98089FE420BA82E300483358 /* Release */ = {
			isa = XCBuildConfiguration;
			buildSettings = {
				ALWAYS_SEARCH_USER_PATHS = NO;
				CLANG_ANALYZER_NONNULL = YES;
				CLANG_ANALYZER_NUMBER_OBJECT_CONVERSION = YES_AGGRESSIVE;
				CLANG_CXX_LANGUAGE_STANDARD = "gnu++14";
				CLANG_CXX_LIBRARY = "libc++";
				CLANG_ENABLE_MODULES = YES;
				CLANG_ENABLE_OBJC_ARC = YES;
				CLANG_ENABLE_OBJC_WEAK = YES;
				CLANG_WARN_BLOCK_CAPTURE_AUTORELEASING = YES;
				CLANG_WARN_BOOL_CONVERSION = YES;
				CLANG_WARN_COMMA = YES;
				CLANG_WARN_CONSTANT_CONVERSION = YES;
				CLANG_WARN_DEPRECATED_OBJC_IMPLEMENTATIONS = YES;
				CLANG_WARN_DIRECT_OBJC_ISA_USAGE = YES_ERROR;
				CLANG_WARN_DOCUMENTATION_COMMENTS = YES;
				CLANG_WARN_EMPTY_BODY = YES;
				CLANG_WARN_ENUM_CONVERSION = YES;
				CLANG_WARN_INFINITE_RECURSION = YES;
				CLANG_WARN_INT_CONVERSION = YES;
				CLANG_WARN_NON_LITERAL_NULL_CONVERSION = YES;
				CLANG_WARN_OBJC_IMPLICIT_RETAIN_SELF = YES;
				CLANG_WARN_OBJC_LITERAL_CONVERSION = YES;
				CLANG_WARN_OBJC_ROOT_CLASS = YES_ERROR;
				CLANG_WARN_RANGE_LOOP_ANALYSIS = YES;
				CLANG_WARN_STRICT_PROTOTYPES = YES;
				CLANG_WARN_SUSPICIOUS_MOVE = YES;
				CLANG_WARN_UNGUARDED_AVAILABILITY = YES_AGGRESSIVE;
				CLANG_WARN_UNREACHABLE_CODE = YES;
				CLANG_WARN__DUPLICATE_METHOD_MATCH = YES;
				CODE_SIGN_IDENTITY = "iPhone Developer";
				COPY_PHASE_STRIP = NO;
				DEBUG_INFORMATION_FORMAT = "dwarf-with-dsym";
				ENABLE_NS_ASSERTIONS = NO;
				ENABLE_STRICT_OBJC_MSGSEND = YES;
				GCC_C_LANGUAGE_STANDARD = gnu11;
				GCC_NO_COMMON_BLOCKS = YES;
				GCC_WARN_64_TO_32_BIT_CONVERSION = YES;
				GCC_WARN_ABOUT_RETURN_TYPE = YES_ERROR;
				GCC_WARN_UNDECLARED_SELECTOR = YES;
				GCC_WARN_UNINITIALIZED_AUTOS = YES_AGGRESSIVE;
				GCC_WARN_UNUSED_FUNCTION = YES;
				GCC_WARN_UNUSED_VARIABLE = YES;
				IPHONEOS_DEPLOYMENT_TARGET = 11.3;
				MTL_ENABLE_DEBUG_INFO = NO;
				SDKROOT = iphoneos;
				SWIFT_COMPILATION_MODE = wholemodule;
				SWIFT_OPTIMIZATION_LEVEL = "-O";
				VALIDATE_PRODUCT = YES;
			};
			name = Release;
		};
		98089FE620BA82E300483358 /* Debug */ = {
			isa = XCBuildConfiguration;
			buildSettings = {
				ASSETCATALOG_COMPILER_APPICON_NAME = AppIcon;
				CODE_SIGN_STYLE = Automatic;
				DEVELOPMENT_TEAM = BCSX8NUSD9;
				INFOPLIST_FILE = AnimationLogin/Info.plist;
				LD_RUNPATH_SEARCH_PATHS = (
					"$(inherited)",
					"@executable_path/Frameworks",
				);
				PRODUCT_BUNDLE_IDENTIFIER = com.hy.example.AnimationLogin;
				PRODUCT_NAME = "$(TARGET_NAME)";
				SWIFT_VERSION = 4.0;
				TARGETED_DEVICE_FAMILY = "1,2";
			};
			name = Debug;
		};
		98089FE720BA82E300483358 /* Release */ = {
			isa = XCBuildConfiguration;
			buildSettings = {
				ASSETCATALOG_COMPILER_APPICON_NAME = AppIcon;
				CODE_SIGN_STYLE = Automatic;
				DEVELOPMENT_TEAM = BCSX8NUSD9;
				INFOPLIST_FILE = AnimationLogin/Info.plist;
				LD_RUNPATH_SEARCH_PATHS = (
					"$(inherited)",
					"@executable_path/Frameworks",
				);
				PRODUCT_BUNDLE_IDENTIFIER = com.hy.example.AnimationLogin;
				PRODUCT_NAME = "$(TARGET_NAME)";
				SWIFT_VERSION = 4.0;
				TARGETED_DEVICE_FAMILY = "1,2";
			};
			name = Release;
		};
		98089FE920BA82E300483358 /* Debug */ = {
			isa = XCBuildConfiguration;
			buildSettings = {
				ALWAYS_EMBED_SWIFT_STANDARD_LIBRARIES = YES;
				BUNDLE_LOADER = "$(TEST_HOST)";
				CODE_SIGN_STYLE = Automatic;
				DEVELOPMENT_TEAM = BCSX8NUSD9;
				INFOPLIST_FILE = AnimationLoginTests/Info.plist;
				LD_RUNPATH_SEARCH_PATHS = (
					"$(inherited)",
					"@executable_path/Frameworks",
					"@loader_path/Frameworks",
				);
				PRODUCT_BUNDLE_IDENTIFIER = com.hy.example.AnimationLoginTests;
				PRODUCT_NAME = "$(TARGET_NAME)";
				SWIFT_VERSION = 4.0;
				TARGETED_DEVICE_FAMILY = "1,2";
				TEST_HOST = "$(BUILT_PRODUCTS_DIR)/AnimationLogin.app/AnimationLogin";
			};
			name = Debug;
		};
		98089FEA20BA82E300483358 /* Release */ = {
			isa = XCBuildConfiguration;
			buildSettings = {
				ALWAYS_EMBED_SWIFT_STANDARD_LIBRARIES = YES;
				BUNDLE_LOADER = "$(TEST_HOST)";
				CODE_SIGN_STYLE = Automatic;
				DEVELOPMENT_TEAM = BCSX8NUSD9;
				INFOPLIST_FILE = AnimationLoginTests/Info.plist;
				LD_RUNPATH_SEARCH_PATHS = (
					"$(inherited)",
					"@executable_path/Frameworks",
					"@loader_path/Frameworks",
				);
				PRODUCT_BUNDLE_IDENTIFIER = com.hy.example.AnimationLoginTests;
				PRODUCT_NAME = "$(TARGET_NAME)";
				SWIFT_VERSION = 4.0;
				TARGETED_DEVICE_FAMILY = "1,2";
				TEST_HOST = "$(BUILT_PRODUCTS_DIR)/AnimationLogin.app/AnimationLogin";
			};
			name = Release;
		};
		98089FEC20BA82E300483358 /* Debug */ = {
			isa = XCBuildConfiguration;
			buildSettings = {
				ALWAYS_EMBED_SWIFT_STANDARD_LIBRARIES = YES;
				CODE_SIGN_STYLE = Automatic;
				DEVELOPMENT_TEAM = BCSX8NUSD9;
				INFOPLIST_FILE = AnimationLoginUITests/Info.plist;
				LD_RUNPATH_SEARCH_PATHS = (
					"$(inherited)",
					"@executable_path/Frameworks",
					"@loader_path/Frameworks",
				);
				PRODUCT_BUNDLE_IDENTIFIER = com.hy.example.AnimationLoginUITests;
				PRODUCT_NAME = "$(TARGET_NAME)";
				SWIFT_VERSION = 4.0;
				TARGETED_DEVICE_FAMILY = "1,2";
				TEST_TARGET_NAME = AnimationLogin;
			};
			name = Debug;
		};
		98089FED20BA82E300483358 /* Release */ = {
			isa = XCBuildConfiguration;
			buildSettings = {
				ALWAYS_EMBED_SWIFT_STANDARD_LIBRARIES = YES;
				CODE_SIGN_STYLE = Automatic;
				DEVELOPMENT_TEAM = BCSX8NUSD9;
				INFOPLIST_FILE = AnimationLoginUITests/Info.plist;
				LD_RUNPATH_SEARCH_PATHS = (
					"$(inherited)",
					"@executable_path/Frameworks",
					"@loader_path/Frameworks",
				);
				PRODUCT_BUNDLE_IDENTIFIER = com.hy.example.AnimationLoginUITests;
				PRODUCT_NAME = "$(TARGET_NAME)";
				SWIFT_VERSION = 4.0;
				TARGETED_DEVICE_FAMILY = "1,2";
				TEST_TARGET_NAME = AnimationLogin;
			};
			name = Release;
		};
/* End XCBuildConfiguration section */

/* Begin XCConfigurationList section */
		98089FB820BA82E100483358 /* Build configuration list for PBXProject "AnimationLogin" */ = {
			isa = XCConfigurationList;
			buildConfigurations = (
				98089FE320BA82E300483358 /* Debug */,
				98089FE420BA82E300483358 /* Release */,
			);
			defaultConfigurationIsVisible = 0;
			defaultConfigurationName = Release;
		};
		98089FE520BA82E300483358 /* Build configuration list for PBXNativeTarget "AnimationLogin" */ = {
			isa = XCConfigurationList;
			buildConfigurations = (
				98089FE620BA82E300483358 /* Debug */,
				98089FE720BA82E300483358 /* Release */,
			);
			defaultConfigurationIsVisible = 0;
			defaultConfigurationName = Release;
		};
		98089FE820BA82E300483358 /* Build configuration list for PBXNativeTarget "AnimationLoginTests" */ = {
			isa = XCConfigurationList;
			buildConfigurations = (
				98089FE920BA82E300483358 /* Debug */,
				98089FEA20BA82E300483358 /* Release */,
			);
			defaultConfigurationIsVisible = 0;
			defaultConfigurationName = Release;
		};
		98089FEB20BA82E300483358 /* Build configuration list for PBXNativeTarget "AnimationLoginUITests" */ = {
			isa = XCConfigurationList;
			buildConfigurations = (
				98089FEC20BA82E300483358 /* Debug */,
				98089FED20BA82E300483358 /* Release */,
			);
			defaultConfigurationIsVisible = 0;
			defaultConfigurationName = Release;
		};
/* End XCConfigurationList section */
	};
	rootObject = 98089FB520BA82E100483358 /* Project object */;
}
