// !$*UTF8*$!
{
	archiveVersion = 1;
	classes = {
	};
	objectVersion = 48;
	objects = {

/* Begin PBXBuildFile section */
		984F289F1FCE99AA006591E0 /* Meal.swift in Sources */ = {isa = PBXBuildFile; fileRef = 984F289E1FCE99AA006591E0 /* Meal.swift */; };
		984F28A11FCEB35C006591E0 /* MealTableViewCell.swift in Sources */ = {isa = PBXBuildFile; fileRef = 984F28A01FCEB35C006591E0 /* MealTableViewCell.swift */; };
		984F28A31FCEBF2E006591E0 /* MealTableViewController.swift in Sources */ = {isa = PBXBuildFile; fileRef = 984F28A21FCEBF2E006591E0 /* MealTableViewController.swift */; };
		98579B9D1FCAF0460028346C /* AppDelegate.swift in Sources */ = {isa = PBXBuildFile; fileRef = 98579B9C1FCAF0460028346C /* AppDelegate.swift */; };
		98579B9F1FCAF0460028346C /* MealViewController.swift in Sources */ = {isa = PBXBuildFile; fileRef = 98579B9E1FCAF0460028346C /* MealViewController.swift */; };
		98579BA21FCAF0460028346C /* Main.storyboard in Resources */ = {isa = PBXBuildFile; fileRef = 98579BA01FCAF0460028346C /* Main.storyboard */; };
		98579BA41FCAF0460028346C /* Assets.xcassets in Resources */ = {isa = PBXBuildFile; fileRef = 98579BA31FCAF0460028346C /* Assets.xcassets */; };
		98579BA71FCAF0460028346C /* LaunchScreen.storyboard in Resources */ = {isa = PBXBuildFile; fileRef = 98579BA51FCAF0460028346C /* LaunchScreen.storyboard */; };
		98579BB21FCAF0460028346C /* FoodTrackerTests.swift in Sources */ = {isa = PBXBuildFile; fileRef = 98579BB11FCAF0460028346C /* FoodTrackerTests.swift */; };
		98F858381FCD885F0028D8E2 /* RatingControl.swift in Sources */ = {isa = PBXBuildFile; fileRef = 98F858371FCD885F0028D8E2 /* RatingControl.swift */; };
/* End PBXBuildFile section */

/* Begin PBXContainerItemProxy section */
		98579BAE1FCAF0460028346C /* PBXContainerItemProxy */ = {
			isa = PBXContainerItemProxy;
			containerPortal = 98579B911FCAF0460028346C /* Project object */;
			proxyType = 1;
			remoteGlobalIDString = 98579B981FCAF0460028346C;
			remoteInfo = FoodTracker;
		};
/* End PBXContainerItemProxy section */

/* Begin PBXFileReference section */
		984F289E1FCE99AA006591E0 /* Meal.swift */ = {isa = PBXFileReference; lastKnownFileType = sourcecode.swift; path = Meal.swift; sourceTree = "<group>"; };
		984F28A01FCEB35C006591E0 /* MealTableViewCell.swift */ = {isa = PBXFileReference; lastKnownFileType = sourcecode.swift; path = MealTableViewCell.swift; sourceTree = "<group>"; };
		984F28A21FCEBF2E006591E0 /* MealTableViewController.swift */ = {isa = PBXFileReference; lastKnownFileType = sourcecode.swift; path = MealTableViewController.swift; sourceTree = "<group>"; };
		98579B991FCAF0460028346C /* FoodTracker.app */ = {isa = PBXFileReference; explicitFileType = wrapper.application; includeInIndex = 0; path = FoodTracker.app; sourceTree = BUILT_PRODUCTS_DIR; };
		98579B9C1FCAF0460028346C /* AppDelegate.swift */ = {isa = PBXFileReference; lastKnownFileType = sourcecode.swift; path = AppDelegate.swift; sourceTree = "<group>"; };
		98579B9E1FCAF0460028346C /* MealViewController.swift */ = {isa = PBXFileReference; lastKnownFileType = sourcecode.swift; path = MealViewController.swift; sourceTree = "<group>"; };
		98579BA11FCAF0460028346C /* Base */ = {isa = PBXFileReference; lastKnownFileType = file.storyboard; name = Base; path = Base.lproj/Main.storyboard; sourceTree = "<group>"; };
		98579BA31FCAF0460028346C /* Assets.xcassets */ = {isa = PBXFileReference; lastKnownFileType = folder.assetcatalog; path = Assets.xcassets; sourceTree = "<group>"; };
		98579BA61FCAF0460028346C /* Base */ = {isa = PBXFileReference; lastKnownFileType = file.storyboard; name = Base; path = Base.lproj/LaunchScreen.storyboard; sourceTree = "<group>"; };
		98579BA81FCAF0460028346C /* Info.plist */ = {isa = PBXFileReference; lastKnownFileType = text.plist.xml; path = Info.plist; sourceTree = "<group>"; };
		98579BAD1FCAF0460028346C /* FoodTrackerTests.xctest */ = {isa = PBXFileReference; explicitFileType = wrapper.cfbundle; includeInIndex = 0; path = FoodTrackerTests.xctest; sourceTree = BUILT_PRODUCTS_DIR; };
		98579BB11FCAF0460028346C /* FoodTrackerTests.swift */ = {isa = PBXFileReference; lastKnownFileType = sourcecode.swift; path = FoodTrackerTests.swift; sourceTree = "<group>"; };
		98579BB31FCAF0460028346C /* Info.plist */ = {isa = PBXFileReference; lastKnownFileType = text.plist.xml; path = Info.plist; sourceTree = "<group>"; };
		98F858371FCD885F0028D8E2 /* RatingControl.swift */ = {isa = PBXFileReference; lastKnownFileType = sourcecode.swift; path = RatingControl.swift; sourceTree = "<group>"; };
/* End PBXFileReference section */

/* Begin PBXFrameworksBuildPhase section */
		98579B961FCAF0460028346C /* Frameworks */ = {
			isa = PBXFrameworksBuildPhase;
			buildActionMask = 2147483647;
			files = (
			);
			runOnlyForDeploymentPostprocessing = 0;
		};
		98579BAA1FCAF0460028346C /* Frameworks */ = {
			isa = PBXFrameworksBuildPhase;
			buildActionMask = 2147483647;
			files = (
			);
			runOnlyForDeploymentPostprocessing = 0;
		};
/* End PBXFrameworksBuildPhase section */

/* Begin PBXGroup section */
		98579B901FCAF0460028346C = {
			isa = PBXGroup;
			children = (
				98579B9B1FCAF0460028346C /* FoodTracker */,
				98579BB01FCAF0460028346C /* FoodTrackerTests */,
				98579B9A1FCAF0460028346C /* Products */,
			);
			sourceTree = "<group>";
		};
		98579B9A1FCAF0460028346C /* Products */ = {
			isa = PBXGroup;
			children = (
				98579B991FCAF0460028346C /* FoodTracker.app */,
				98579BAD1FCAF0460028346C /* FoodTrackerTests.xctest */,
			);
			name = Products;
			sourceTree = "<group>";
		};
		98579B9B1FCAF0460028346C /* FoodTracker */ = {
			isa = PBXGroup;
			children = (
				98579B9C1FCAF0460028346C /* AppDelegate.swift */,
				98579B9E1FCAF0460028346C /* MealViewController.swift */,
				98F858371FCD885F0028D8E2 /* RatingControl.swift */,
				984F289E1FCE99AA006591E0 /* Meal.swift */,
				984F28A01FCEB35C006591E0 /* MealTableViewCell.swift */,
				984F28A21FCEBF2E006591E0 /* MealTableViewController.swift */,
				98579BA01FCAF0460028346C /* Main.storyboard */,
				98579BA31FCAF0460028346C /* Assets.xcassets */,
				98579BA51FCAF0460028346C /* LaunchScreen.storyboard */,
				98579BA81FCAF0460028346C /* Info.plist */,
			);
			path = FoodTracker;
			sourceTree = "<group>";
		};
		98579BB01FCAF0460028346C /* FoodTrackerTests */ = {
			isa = PBXGroup;
			children = (
				98579BB11FCAF0460028346C /* FoodTrackerTests.swift */,
				98579BB31FCAF0460028346C /* Info.plist */,
			);
			path = FoodTrackerTests;
			sourceTree = "<group>";
		};
/* End PBXGroup section */

/* Begin PBXNativeTarget section */
		98579B981FCAF0460028346C /* FoodTracker */ = {
			isa = PBXNativeTarget;
			buildConfigurationList = 98579BB61FCAF0460028346C /* Build configuration list for PBXNativeTarget "FoodTracker" */;
			buildPhases = (
				98579B951FCAF0460028346C /* Sources */,
				98579B961FCAF0460028346C /* Frameworks */,
				98579B971FCAF0460028346C /* Resources */,
			);
			buildRules = (
			);
			dependencies = (
			);
			name = FoodTracker;
			productName = FoodTracker;
			productReference = 98579B991FCAF0460028346C /* FoodTracker.app */;
			productType = "com.apple.product-type.application";
		};
		98579BAC1FCAF0460028346C /* FoodTrackerTests */ = {
			isa = PBXNativeTarget;
			buildConfigurationList = 98579BB91FCAF0460028346C /* Build configuration list for PBXNativeTarget "FoodTrackerTests" */;
			buildPhases = (
				98579BA91FCAF0460028346C /* Sources */,
				98579BAA1FCAF0460028346C /* Frameworks */,
				98579BAB1FCAF0460028346C /* Resources */,
			);
			buildRules = (
			);
			dependencies = (
				98579BAF1FCAF0460028346C /* PBXTargetDependency */,
			);
			name = FoodTrackerTests;
			productName = FoodTrackerTests;
			productReference = 98579BAD1FCAF0460028346C /* FoodTrackerTests.xctest */;
			productType = "com.apple.product-type.bundle.unit-test";
		};
/* End PBXNativeTarget section */

/* Begin PBXProject section */
		98579B911FCAF0460028346C /* Project object */ = {
			isa = PBXProject;
			attributes = {
				LastSwiftUpdateCheck = 0910;
				LastUpgradeCheck = 0910;
				ORGANIZATIONNAME = "L Jovi";
				TargetAttributes = {
					98579B981FCAF0460028346C = {
						CreatedOnToolsVersion = 9.1;
						ProvisioningStyle = Automatic;
					};
					98579BAC1FCAF0460028346C = {
						CreatedOnToolsVersion = 9.1;
						ProvisioningStyle = Automatic;
						TestTargetID = 98579B981FCAF0460028346C;
					};
				};
			};
			buildConfigurationList = 98579B941FCAF0460028346C /* Build configuration list for PBXProject "FoodTracker" */;
			compatibilityVersion = "Xcode 8.0";
			developmentRegion = en;
			hasScannedForEncodings = 0;
			knownRegions = (
				en,
				Base,
			);
			mainGroup = 98579B901FCAF0460028346C;
			productRefGroup = 98579B9A1FCAF0460028346C /* Products */;
			projectDirPath = "";
			projectRoot = "";
			targets = (
				98579B981FCAF0460028346C /* FoodTracker */,
				98579BAC1FCAF0460028346C /* FoodTrackerTests */,
			);
		};
/* End PBXProject section */

/* Begin PBXResourcesBuildPhase section */
		98579B971FCAF0460028346C /* Resources */ = {
			isa = PBXResourcesBuildPhase;
			buildActionMask = 2147483647;
			files = (
				98579BA71FCAF0460028346C /* LaunchScreen.storyboard in Resources */,
				98579BA41FCAF0460028346C /* Assets.xcassets in Resources */,
				98579BA21FCAF0460028346C /* Main.storyboard in Resources */,
			);
			runOnlyForDeploymentPostprocessing = 0;
		};
		98579BAB1FCAF0460028346C /* Resources */ = {
			isa = PBXResourcesBuildPhase;
			buildActionMask = 2147483647;
			files = (
			);
			runOnlyForDeploymentPostprocessing = 0;
		};
/* End PBXResourcesBuildPhase section */

/* Begin PBXSourcesBuildPhase section */
		98579B951FCAF0460028346C /* Sources */ = {
			isa = PBXSourcesBuildPhase;
			buildActionMask = 2147483647;
			files = (
				984F289F1FCE99AA006591E0 /* Meal.swift in Sources */,
				98579B9F1FCAF0460028346C /* MealViewController.swift in Sources */,
				98F858381FCD885F0028D8E2 /* RatingControl.swift in Sources */,
				98579B9D1FCAF0460028346C /* AppDelegate.swift in Sources */,
				984F28A31FCEBF2E006591E0 /* MealTableViewController.swift in Sources */,
				984F28A11FCEB35C006591E0 /* MealTableViewCell.swift in Sources */,
			);
			runOnlyForDeploymentPostprocessing = 0;
		};
		98579BA91FCAF0460028346C /* Sources */ = {
			isa = PBXSourcesBuildPhase;
			buildActionMask = 2147483647;
			files = (
				98579BB21FCAF0460028346C /* FoodTrackerTests.swift in Sources */,
			);
			runOnlyForDeploymentPostprocessing = 0;
		};
/* End PBXSourcesBuildPhase section */

/* Begin PBXTargetDependency section */
		98579BAF1FCAF0460028346C /* PBXTargetDependency */ = {
			isa = PBXTargetDependency;
			target = 98579B981FCAF0460028346C /* FoodTracker */;
			targetProxy = 98579BAE1FCAF0460028346C /* PBXContainerItemProxy */;
		};
/* End PBXTargetDependency section */

/* Begin PBXVariantGroup section */
		98579BA01FCAF0460028346C /* Main.storyboard */ = {
			isa = PBXVariantGroup;
			children = (
				98579BA11FCAF0460028346C /* Base */,
			);
			name = Main.storyboard;
			sourceTree = "<group>";
		};
		98579BA51FCAF0460028346C /* LaunchScreen.storyboard */ = {
			isa = PBXVariantGroup;
			children = (
				98579BA61FCAF0460028346C /* Base */,
			);
			name = LaunchScreen.storyboard;
			sourceTree = "<group>";
		};
/* End PBXVariantGroup section */

/* Begin XCBuildConfiguration section */
		98579BB41FCAF0460028346C /* Debug */ = {
			isa = XCBuildConfiguration;
			buildSettings = {
				ALWAYS_SEARCH_USER_PATHS = NO;
				CLANG_ANALYZER_NONNULL = YES;
				CLANG_ANALYZER_NUMBER_OBJECT_CONVERSION = YES_AGGRESSIVE;
				CLANG_CXX_LANGUAGE_STANDARD = "gnu++14";
				CLANG_CXX_LIBRARY = "libc++";
				CLANG_ENABLE_MODULES = YES;
				CLANG_ENABLE_OBJC_ARC = YES;
				CLANG_WARN_BLOCK_CAPTURE_AUTORELEASING = YES;
				CLANG_WARN_BOOL_CONVERSION = YES;
				CLANG_WARN_COMMA = YES;
				CLANG_WARN_CONSTANT_CONVERSION = YES;
				CLANG_WARN_DIRECT_OBJC_ISA_USAGE = YES_ERROR;
				CLANG_WARN_DOCUMENTATION_COMMENTS = YES;
				CLANG_WARN_EMPTY_BODY = YES;
				CLANG_WARN_ENUM_CONVERSION = YES;
				CLANG_WARN_INFINITE_RECURSION = YES;
				CLANG_WARN_INT_CONVERSION = YES;
				CLANG_WARN_NON_LITERAL_NULL_CONVERSION = YES;
				CLANG_WARN_OBJC_LITERAL_CONVERSION = YES;
				CLANG_WARN_OBJC_ROOT_CLASS = YES_ERROR;
				CLANG_WARN_RANGE_LOOP_ANALYSIS = YES;
				CLANG_WARN_STRICT_PROTOTYPES = YES;
				CLANG_WARN_SUSPICIOUS_MOVE = YES;
				CLANG_WARN_UNGUARDED_AVAILABILITY = YES_AGGRESSIVE;
				CLANG_WARN_UNREACHABLE_CODE = YES;
				CLANG_WARN__DUPLICATE_METHOD_MATCH = YES;
				CODE_SIGN_IDENTITY = "iPhone Developer";
				COPY_PHASE_STRIP = NO;
				DEBUG_INFORMATION_FORMAT = dwarf;
				ENABLE_STRICT_OBJC_MSGSEND = YES;
				ENABLE_TESTABILITY = YES;
				GCC_C_LANGUAGE_STANDARD = gnu11;
				GCC_DYNAMIC_NO_PIC = NO;
				GCC_NO_COMMON_BLOCKS = YES;
				GCC_OPTIMIZATION_LEVEL = 0;
				GCC_PREPROCESSOR_DEFINITIONS = (
					"DEBUG=1",
					"$(inherited)",
				);
				GCC_WARN_64_TO_32_BIT_CONVERSION = YES;
				GCC_WARN_ABOUT_RETURN_TYPE = YES_ERROR;
				GCC_WARN_UNDECLARED_SELECTOR = YES;
				GCC_WARN_UNINITIALIZED_AUTOS = YES_AGGRESSIVE;
				GCC_WARN_UNUSED_FUNCTION = YES;
				GCC_WARN_UNUSED_VARIABLE = YES;
				IPHONEOS_DEPLOYMENT_TARGET = 11.1;
				MTL_ENABLE_DEBUG_INFO = YES;
				ONLY_ACTIVE_ARCH = YES;
				SDKROOT = iphoneos;
				SWIFT_ACTIVE_COMPILATION_CONDITIONS = DEBUG;
				SWIFT_OPTIMIZATION_LEVEL = "-Onone";
			};
			name = Debug;
		};
		98579BB51FCAF0460028346C /* Release */ = {
			isa = XCBuildConfiguration;
			buildSettings = {
				ALWAYS_SEARCH_USER_PATHS = NO;
				CLANG_ANALYZER_NONNULL = YES;
				CLANG_ANALYZER_NUMBER_OBJECT_CONVERSION = YES_AGGRESSIVE;
				CLANG_CXX_LANGUAGE_STANDARD = "gnu++14";
				CLANG_CXX_LIBRARY = "libc++";
				CLANG_ENABLE_MODULES = YES;
				CLANG_ENABLE_OBJC_ARC = YES;
				CLANG_WARN_BLOCK_CAPTURE_AUTORELEASING = YES;
				CLANG_WARN_BOOL_CONVERSION = YES;
				CLANG_WARN_COMMA = YES;
				CLANG_WARN_CONSTANT_CONVERSION = YES;
				CLANG_WARN_DIRECT_OBJC_ISA_USAGE = YES_ERROR;
				CLANG_WARN_DOCUMENTATION_COMMENTS = YES;
				CLANG_WARN_EMPTY_BODY = YES;
				CLANG_WARN_ENUM_CONVERSION = YES;
				CLANG_WARN_INFINITE_RECURSION = YES;
				CLANG_WARN_INT_CONVERSION = YES;
				CLANG_WARN_NON_LITERAL_NULL_CONVERSION = YES;
				CLANG_WARN_OBJC_LITERAL_CONVERSION = YES;
				CLANG_WARN_OBJC_ROOT_CLASS = YES_ERROR;
				CLANG_WARN_RANGE_LOOP_ANALYSIS = YES;
				CLANG_WARN_STRICT_PROTOTYPES = YES;
				CLANG_WARN_SUSPICIOUS_MOVE = YES;
				CLANG_WARN_UNGUARDED_AVAILABILITY = YES_AGGRESSIVE;
				CLANG_WARN_UNREACHABLE_CODE = YES;
				CLANG_WARN__DUPLICATE_METHOD_MATCH = YES;
				CODE_SIGN_IDENTITY = "iPhone Developer";
				COPY_PHASE_STRIP = NO;
				DEBUG_INFORMATION_FORMAT = "dwarf-with-dsym";
				ENABLE_NS_ASSERTIONS = NO;
				ENABLE_STRICT_OBJC_MSGSEND = YES;
				GCC_C_LANGUAGE_STANDARD = gnu11;
				GCC_NO_COMMON_BLOCKS = YES;
				GCC_WARN_64_TO_32_BIT_CONVERSION = YES;
				GCC_WARN_ABOUT_RETURN_TYPE = YES_ERROR;
				GCC_WARN_UNDECLARED_SELECTOR = YES;
				GCC_WARN_UNINITIALIZED_AUTOS = YES_AGGRESSIVE;
				GCC_WARN_UNUSED_FUNCTION = YES;
				GCC_WARN_UNUSED_VARIABLE = YES;
				IPHONEOS_DEPLOYMENT_TARGET = 11.1;
				MTL_ENABLE_DEBUG_INFO = NO;
				SDKROOT = iphoneos;
				SWIFT_OPTIMIZATION_LEVEL = "-Owholemodule";
				VALIDATE_PRODUCT = YES;
			};
			name = Release;
		};
		98579BB71FCAF0460028346C /* Debug */ = {
			isa = XCBuildConfiguration;
			buildSettings = {
				ASSETCATALOG_COMPILER_APPICON_NAME = AppIcon;
				CODE_SIGN_STYLE = Automatic;
				DEVELOPMENT_TEAM = BCSX8NUSD9;
				INFOPLIST_FILE = FoodTracker/Info.plist;
				LD_RUNPATH_SEARCH_PATHS = "$(inherited) @executable_path/Frameworks";
				PRODUCT_BUNDLE_IDENTIFIER = com.hy.example.FoodTracker;
				PRODUCT_NAME = "$(TARGET_NAME)";
				SWIFT_VERSION = 4.0;
				TARGETED_DEVICE_FAMILY = "1,2";
			};
			name = Debug;
		};
		98579BB81FCAF0460028346C /* Release */ = {
			isa = XCBuildConfiguration;
			buildSettings = {
				ASSETCATALOG_COMPILER_APPICON_NAME = AppIcon;
				CODE_SIGN_STYLE = Automatic;
				DEVELOPMENT_TEAM = BCSX8NUSD9;
				INFOPLIST_FILE = FoodTracker/Info.plist;
				LD_RUNPATH_SEARCH_PATHS = "$(inherited) @executable_path/Frameworks";
				PRODUCT_BUNDLE_IDENTIFIER = com.hy.example.FoodTracker;
				PRODUCT_NAME = "$(TARGET_NAME)";
				SWIFT_VERSION = 4.0;
				TARGETED_DEVICE_FAMILY = "1,2";
			};
			name = Release;
		};
		98579BBA1FCAF0460028346C /* Debug */ = {
			isa = XCBuildConfiguration;
			buildSettings = {
				ALWAYS_EMBED_SWIFT_STANDARD_LIBRARIES = YES;
				BUNDLE_LOADER = "$(TEST_HOST)";
				CODE_SIGN_STYLE = Automatic;
				DEVELOPMENT_TEAM = BCSX8NUSD9;
				INFOPLIST_FILE = FoodTrackerTests/Info.plist;
				LD_RUNPATH_SEARCH_PATHS = "$(inherited) @executable_path/Frameworks @loader_path/Frameworks";
				PRODUCT_BUNDLE_IDENTIFIER = com.hy.example.FoodTrackerTests;
				PRODUCT_NAME = "$(TARGET_NAME)";
				SWIFT_VERSION = 4.0;
				TARGETED_DEVICE_FAMILY = "1,2";
				TEST_HOST = "$(BUILT_PRODUCTS_DIR)/FoodTracker.app/FoodTracker";
			};
			name = Debug;
		};
		98579BBB1FCAF0460028346C /* Release */ = {
			isa = XCBuildConfiguration;
			buildSettings = {
				ALWAYS_EMBED_SWIFT_STANDARD_LIBRARIES = YES;
				BUNDLE_LOADER = "$(TEST_HOST)";
				CODE_SIGN_STYLE = Automatic;
				DEVELOPMENT_TEAM = BCSX8NUSD9;
				INFOPLIST_FILE = FoodTrackerTests/Info.plist;
				LD_RUNPATH_SEARCH_PATHS = "$(inherited) @executable_path/Frameworks @loader_path/Frameworks";
				PRODUCT_BUNDLE_IDENTIFIER = com.hy.example.FoodTrackerTests;
				PRODUCT_NAME = "$(TARGET_NAME)";
				SWIFT_VERSION = 4.0;
				TARGETED_DEVICE_FAMILY = "1,2";
				TEST_HOST = "$(BUILT_PRODUCTS_DIR)/FoodTracker.app/FoodTracker";
			};
			name = Release;
		};
/* End XCBuildConfiguration section */

/* Begin XCConfigurationList section */
		98579B941FCAF0460028346C /* Build configuration list for PBXProject "FoodTracker" */ = {
			isa = XCConfigurationList;
			buildConfigurations = (
				98579BB41FCAF0460028346C /* Debug */,
				98579BB51FCAF0460028346C /* Release */,
			);
			defaultConfigurationIsVisible = 0;
			defaultConfigurationName = Release;
		};
		98579BB61FCAF0460028346C /* Build configuration list for PBXNativeTarget "FoodTracker" */ = {
			isa = XCConfigurationList;
			buildConfigurations = (
				98579BB71FCAF0460028346C /* Debug */,
				98579BB81FCAF0460028346C /* Release */,
			);
			defaultConfigurationIsVisible = 0;
			defaultConfigurationName = Release;
		};
		98579BB91FCAF0460028346C /* Build configuration list for PBXNativeTarget "FoodTrackerTests" */ = {
			isa = XCConfigurationList;
			buildConfigurations = (
				98579BBA1FCAF0460028346C /* Debug */,
				98579BBB1FCAF0460028346C /* Release */,
			);
			defaultConfigurationIsVisible = 0;
			defaultConfigurationName = Release;
		};
/* End XCConfigurationList section */
	};
	rootObject = 98579B911FCAF0460028346C /* Project object */;
}
